
Microsoft Visual Studio Solution File, Format Version 12.00
# Visual Studio Version 16
VisualStudioVersion = 16.0.32106.194
MinimumVisualStudioVersion = 10.0.40219.1
Project("{FAE04EC0-301F-11D3-BF4B-00C04F79EFBC}") = "ApplicationSec_200238F", "ApplicationSec_200238F.csproj", "{77432B45-0A6E-423E-BB52-3D09E10FCD64}"
EndProject
Global
	GlobalSection(SolutionConfigurationPlatforms) = preSolution
		Debug|Any CPU = Debug|Any CPU
		Release|Any CPU = Release|Any CPU
	EndGlobalSection
	GlobalSection(ProjectConfigurationPlatforms) = postSolution
		{77432B45-0A6E-423E-BB52-3D09E10FCD64}.Debug|Any CPU.ActiveCfg = Debug|Any CPU
		{77432B45-0A6E-423E-BB52-3D09E10FCD64}.Debug|Any CPU.Build.0 = Debug|Any CPU
		{77432B45-0A6E-423E-BB52-3D09E10FCD64}.Release|Any CPU.ActiveCfg = Release|Any CPU
		{77432B45-0A6E-423E-BB52-3D09E10FCD64}.Release|Any CPU.Build.0 = Release|Any CPU
	EndGlobalSection
	GlobalSection(SolutionProperties) = preSolution
		HideSolutionNode = FALSE
	EndGlobalSection
	GlobalSection(ExtensibilityGlobals) = postSolution
		SolutionGuid = {90FAE484-B8D1-491A-9053-D8388993A1D6}
	EndGlobalSection
EndGlobal
